
Microsoft Visual Studio Solution File, Format Version 12.00
# Visual Studio Version 17
VisualStudioVersion = 17.8.34525.116
MinimumVisualStudioVersion = 10.0.40219.1
Project("{FAE04EC0-301F-11D3-BF4B-00C04F79EFBC}") = "LearnRedis", "LearnRedis.csproj", "{2B93476A-92F5-4239-9B51-AF8B81887FD0}"
EndProject
Global
	GlobalSection(SolutionConfigurationPlatforms) = preSolution
		Debug|Any CPU = Debug|Any CPU
		Release|Any CPU = Release|Any CPU
	EndGlobalSection
	GlobalSection(ProjectConfigurationPlatforms) = postSolution
		{2B93476A-92F5-4239-9B51-AF8B81887FD0}.Debug|Any CPU.ActiveCfg = Debug|Any CPU
		{2B93476A-92F5-4239-9B51-AF8B81887FD0}.Debug|Any CPU.Build.0 = Debug|Any CPU
		{2B93476A-92F5-4239-9B51-AF8B81887FD0}.Release|Any CPU.ActiveCfg = Release|Any CPU
		{2B93476A-92F5-4239-9B51-AF8B81887FD0}.Release|Any CPU.Build.0 = Release|Any CPU
	EndGlobalSection
	GlobalSection(SolutionProperties) = preSolution
		HideSolutionNode = FALSE
	EndGlobalSection
	GlobalSection(ExtensibilityGlobals) = postSolution
		SolutionGuid = {974AD0B2-AB92-4DCE-8FFE-CD57D75C3CCA}
	EndGlobalSection
EndGlobal
